
Microsoft Visual Studio Solution File, Format Version 12.00
# Visual Studio Version 16
VisualStudioVersion = 25.0.1706.4
MinimumVisualStudioVersion = 10.0.40219.1
Project("{FAE04EC0-301F-11D3-BF4B-00C04F79EFBC}") = "HomeWork Makarov Ivan number 3.1", "HomeWork Makarov Ivan number 3.1.csproj", "{9E19CC52-1BB5-4D83-B33B-4C0CB4428617}"
EndProject
Global
	GlobalSection(SolutionConfigurationPlatforms) = preSolution
		Debug|Any CPU = Debug|Any CPU
		Release|Any CPU = Release|Any CPU
	EndGlobalSection
	GlobalSection(ProjectConfigurationPlatforms) = postSolution
		{9E19CC52-1BB5-4D83-B33B-4C0CB4428617}.Debug|Any CPU.ActiveCfg = Debug|Any CPU
		{9E19CC52-1BB5-4D83-B33B-4C0CB4428617}.Debug|Any CPU.Build.0 = Debug|Any CPU
		{9E19CC52-1BB5-4D83-B33B-4C0CB4428617}.Release|Any CPU.ActiveCfg = Release|Any CPU
		{9E19CC52-1BB5-4D83-B33B-4C0CB4428617}.Release|Any CPU.Build.0 = Release|Any CPU
	EndGlobalSection
	GlobalSection(SolutionProperties) = preSolution
		HideSolutionNode = FALSE
	EndGlobalSection
	GlobalSection(ExtensibilityGlobals) = postSolution
		SolutionGuid = {33D8CA9D-DE8C-45F4-9246-A6E0C18217E3}
	EndGlobalSection
EndGlobal
